
Microsoft Visual Studio Solution File, Format Version 12.00
# Visual Studio Version 16
VisualStudioVersion = 16.0.30503.244
MinimumVisualStudioVersion = 10.0.40219.1
Project("{FAE04EC0-301F-11D3-BF4B-00C04F79EFBC}") = "SHXamLab4.Android", "SHXamLab4\SHXamLab4.Android\SHXamLab4.Android.csproj", "{4B27FD39-2497-4137-B6FE-5568243C8874}"
EndProject
Project("{FAE04EC0-301F-11D3-BF4B-00C04F79EFBC}") = "SHXamLab4.iOS", "SHXamLab4\SHXamLab4.iOS\SHXamLab4.iOS.csproj", "{FD7E42B1-3541-44FC-B663-871B54F7B82C}"
EndProject
Project("{FAE04EC0-301F-11D3-BF4B-00C04F79EFBC}") = "SHXamLab4", "SHXamLab4\SHXamLab4\SHXamLab4.csproj", "{5CEA5183-5A94-4BE0-8713-833D90493296}"
EndProject
Global
	GlobalSection(SolutionConfigurationPlatforms) = preSolution
		Debug|Any CPU = Debug|Any CPU
		Debug|iPhone = Debug|iPhone
		Debug|iPhoneSimulator = Debug|iPhoneSimulator
		Release|Any CPU = Release|Any CPU
		Release|iPhone = Release|iPhone
		Release|iPhoneSimulator = Release|iPhoneSimulator
	EndGlobalSection
	GlobalSection(ProjectConfigurationPlatforms) = postSolution
		{4B27FD39-2497-4137-B6FE-5568243C8874}.Debug|Any CPU.ActiveCfg = Debug|Any CPU
		{4B27FD39-2497-4137-B6FE-5568243C8874}.Debug|Any CPU.Build.0 = Debug|Any CPU
		{4B27FD39-2497-4137-B6FE-5568243C8874}.Debug|Any CPU.Deploy.0 = Debug|Any CPU
		{4B27FD39-2497-4137-B6FE-5568243C8874}.Debug|iPhone.ActiveCfg = Debug|Any CPU
		{4B27FD39-2497-4137-B6FE-5568243C8874}.Debug|iPhone.Build.0 = Debug|Any CPU
		{4B27FD39-2497-4137-B6FE-5568243C8874}.Debug|iPhone.Deploy.0 = Debug|Any CPU
		{4B27FD39-2497-4137-B6FE-5568243C8874}.Debug|iPhoneSimulator.ActiveCfg = Debug|Any CPU
		{4B27FD39-2497-4137-B6FE-5568243C8874}.Debug|iPhoneSimulator.Build.0 = Debug|Any CPU
		{4B27FD39-2497-4137-B6FE-5568243C8874}.Debug|iPhoneSimulator.Deploy.0 = Debug|Any CPU
		{4B27FD39-2497-4137-B6FE-5568243C8874}.Release|Any CPU.ActiveCfg = Release|Any CPU
		{4B27FD39-2497-4137-B6FE-5568243C8874}.Release|Any CPU.Build.0 = Release|Any CPU
		{4B27FD39-2497-4137-B6FE-5568243C8874}.Release|Any CPU.Deploy.0 = Release|Any CPU
		{4B27FD39-2497-4137-B6FE-5568243C8874}.Release|iPhone.ActiveCfg = Release|Any CPU
		{4B27FD39-2497-4137-B6FE-5568243C8874}.Release|iPhone.Build.0 = Release|Any CPU
		{4B27FD39-2497-4137-B6FE-5568243C8874}.Release|iPhone.Deploy.0 = Release|Any CPU
		{4B27FD39-2497-4137-B6FE-5568243C8874}.Release|iPhoneSimulator.ActiveCfg = Release|Any CPU
		{4B27FD39-2497-4137-B6FE-5568243C8874}.Release|iPhoneSimulator.Build.0 = Release|Any CPU
		{4B27FD39-2497-4137-B6FE-5568243C8874}.Release|iPhoneSimulator.Deploy.0 = Release|Any CPU
		{FD7E42B1-3541-44FC-B663-871B54F7B82C}.Debug|Any CPU.ActiveCfg = Debug|iPhone
		{FD7E42B1-3541-44FC-B663-871B54F7B82C}.Debug|Any CPU.Build.0 = Debug|iPhone
		{FD7E42B1-3541-44FC-B663-871B54F7B82C}.Debug|Any CPU.Deploy.0 = Debug|iPhone
		{FD7E42B1-3541-44FC-B663-871B54F7B82C}.Debug|iPhone.ActiveCfg = Debug|iPhone
		{FD7E42B1-3541-44FC-B663-871B54F7B82C}.Debug|iPhone.Build.0 = Debug|iPhone
		{FD7E42B1-3541-44FC-B663-871B54F7B82C}.Debug|iPhone.Deploy.0 = Debug|iPhone
		{FD7E42B1-3541-44FC-B663-871B54F7B82C}.Debug|iPhoneSimulator.ActiveCfg = Debug|iPhoneSimulator
		{FD7E42B1-3541-44FC-B663-871B54F7B82C}.Debug|iPhoneSimulator.Build.0 = Debug|iPhoneSimulator
		{FD7E42B1-3541-44FC-B663-871B54F7B82C}.Debug|iPhoneSimulator.Deploy.0 = Debug|iPhoneSimulator
		{FD7E42B1-3541-44FC-B663-871B54F7B82C}.Release|Any CPU.ActiveCfg = Release|iPhoneSimulator
		{FD7E42B1-3541-44FC-B663-871B54F7B82C}.Release|Any CPU.Build.0 = Release|iPhoneSimulator
		{FD7E42B1-3541-44FC-B663-871B54F7B82C}.Release|Any CPU.Deploy.0 = Release|iPhoneSimulator
		{FD7E42B1-3541-44FC-B663-871B54F7B82C}.Release|iPhone.ActiveCfg = Release|iPhone
		{FD7E42B1-3541-44FC-B663-871B54F7B82C}.Release|iPhone.Build.0 = Release|iPhone
		{FD7E42B1-3541-44FC-B663-871B54F7B82C}.Release|iPhone.Deploy.0 = Release|iPhone
		{FD7E42B1-3541-44FC-B663-871B54F7B82C}.Release|iPhoneSimulator.ActiveCfg = Release|iPhoneSimulator
		{FD7E42B1-3541-44FC-B663-871B54F7B82C}.Release|iPhoneSimulator.Build.0 = Release|iPhoneSimulator
		{FD7E42B1-3541-44FC-B663-871B54F7B82C}.Release|iPhoneSimulator.Deploy.0 = Release|iPhoneSimulator
		{5CEA5183-5A94-4BE0-8713-833D90493296}.Debug|Any CPU.ActiveCfg = Debug|Any CPU
		{5CEA5183-5A94-4BE0-8713-833D90493296}.Debug|Any CPU.Build.0 = Debug|Any CPU
		{5CEA5183-5A94-4BE0-8713-833D90493296}.Debug|Any CPU.Deploy.0 = Debug|Any CPU
		{5CEA5183-5A94-4BE0-8713-833D90493296}.Debug|iPhone.ActiveCfg = Debug|Any CPU
		{5CEA5183-5A94-4BE0-8713-833D90493296}.Debug|iPhone.Build.0 = Debug|Any CPU
		{5CEA5183-5A94-4BE0-8713-833D90493296}.Debug|iPhone.Deploy.0 = Debug|Any CPU
		{5CEA5183-5A94-4BE0-8713-833D90493296}.Debug|iPhoneSimulator.ActiveCfg = Debug|Any CPU
		{5CEA5183-5A94-4BE0-8713-833D90493296}.Debug|iPhoneSimulator.Build.0 = Debug|Any CPU
		{5CEA5183-5A94-4BE0-8713-833D90493296}.Debug|iPhoneSimulator.Deploy.0 = Debug|Any CPU
		{5CEA5183-5A94-4BE0-8713-833D90493296}.Release|Any CPU.ActiveCfg = Release|Any CPU
		{5CEA5183-5A94-4BE0-8713-833D90493296}.Release|Any CPU.Build.0 = Release|Any CPU
		{5CEA5183-5A94-4BE0-8713-833D90493296}.Release|Any CPU.Deploy.0 = Release|Any CPU
		{5CEA5183-5A94-4BE0-8713-833D90493296}.Release|iPhone.ActiveCfg = Release|Any CPU
		{5CEA5183-5A94-4BE0-8713-833D90493296}.Release|iPhone.Build.0 = Release|Any CPU
		{5CEA5183-5A94-4BE0-8713-833D90493296}.Release|iPhone.Deploy.0 = Release|Any CPU
		{5CEA5183-5A94-4BE0-8713-833D90493296}.Release|iPhoneSimulator.ActiveCfg = Release|Any CPU
		{5CEA5183-5A94-4BE0-8713-833D90493296}.Release|iPhoneSimulator.Build.0 = Release|Any CPU
		{5CEA5183-5A94-4BE0-8713-833D90493296}.Release|iPhoneSimulator.Deploy.0 = Release|Any CPU
	EndGlobalSection
	GlobalSection(SolutionProperties) = preSolution
		HideSolutionNode = FALSE
	EndGlobalSection
	GlobalSection(ExtensibilityGlobals) = postSolution
		SolutionGuid = {BEE3B425-043B-43AD-934E-783647877C9B}
	EndGlobalSection
EndGlobal
