
Microsoft Visual Studio Solution File, Format Version 12.00
# Visual Studio Version 16
VisualStudioVersion = 16.0.30503.244
MinimumVisualStudioVersion = 10.0.40219.1
Project("{FAE04EC0-301F-11D3-BF4B-00C04F79EFBC}") = "SXamLab2.Android", "SXamLab2\SXamLab2.Android\SXamLab2.Android.csproj", "{2AD2DBD4-B60D-49C7-A13B-74693D7B1B7A}"
EndProject
Project("{FAE04EC0-301F-11D3-BF4B-00C04F79EFBC}") = "SXamLab2.iOS", "SXamLab2\SXamLab2.iOS\SXamLab2.iOS.csproj", "{BEA6BBBE-19F9-4E23-9FEA-17DCD05769D2}"
EndProject
Project("{FAE04EC0-301F-11D3-BF4B-00C04F79EFBC}") = "SXamLab2", "SXamLab2\SXamLab2\SXamLab2.csproj", "{0E645038-E242-4026-9AD8-5E706A5FDE82}"
EndProject
Global
	GlobalSection(SolutionConfigurationPlatforms) = preSolution
		Debug|Any CPU = Debug|Any CPU
		Debug|iPhone = Debug|iPhone
		Debug|iPhoneSimulator = Debug|iPhoneSimulator
		Release|Any CPU = Release|Any CPU
		Release|iPhone = Release|iPhone
		Release|iPhoneSimulator = Release|iPhoneSimulator
	EndGlobalSection
	GlobalSection(ProjectConfigurationPlatforms) = postSolution
		{2AD2DBD4-B60D-49C7-A13B-74693D7B1B7A}.Debug|Any CPU.ActiveCfg = Debug|Any CPU
		{2AD2DBD4-B60D-49C7-A13B-74693D7B1B7A}.Debug|Any CPU.Build.0 = Debug|Any CPU
		{2AD2DBD4-B60D-49C7-A13B-74693D7B1B7A}.Debug|Any CPU.Deploy.0 = Debug|Any CPU
		{2AD2DBD4-B60D-49C7-A13B-74693D7B1B7A}.Debug|iPhone.ActiveCfg = Debug|Any CPU
		{2AD2DBD4-B60D-49C7-A13B-74693D7B1B7A}.Debug|iPhone.Build.0 = Debug|Any CPU
		{2AD2DBD4-B60D-49C7-A13B-74693D7B1B7A}.Debug|iPhone.Deploy.0 = Debug|Any CPU
		{2AD2DBD4-B60D-49C7-A13B-74693D7B1B7A}.Debug|iPhoneSimulator.ActiveCfg = Debug|Any CPU
		{2AD2DBD4-B60D-49C7-A13B-74693D7B1B7A}.Debug|iPhoneSimulator.Build.0 = Debug|Any CPU
		{2AD2DBD4-B60D-49C7-A13B-74693D7B1B7A}.Debug|iPhoneSimulator.Deploy.0 = Debug|Any CPU
		{2AD2DBD4-B60D-49C7-A13B-74693D7B1B7A}.Release|Any CPU.ActiveCfg = Release|Any CPU
		{2AD2DBD4-B60D-49C7-A13B-74693D7B1B7A}.Release|Any CPU.Build.0 = Release|Any CPU
		{2AD2DBD4-B60D-49C7-A13B-74693D7B1B7A}.Release|Any CPU.Deploy.0 = Release|Any CPU
		{2AD2DBD4-B60D-49C7-A13B-74693D7B1B7A}.Release|iPhone.ActiveCfg = Release|Any CPU
		{2AD2DBD4-B60D-49C7-A13B-74693D7B1B7A}.Release|iPhone.Build.0 = Release|Any CPU
		{2AD2DBD4-B60D-49C7-A13B-74693D7B1B7A}.Release|iPhone.Deploy.0 = Release|Any CPU
		{2AD2DBD4-B60D-49C7-A13B-74693D7B1B7A}.Release|iPhoneSimulator.ActiveCfg = Release|Any CPU
		{2AD2DBD4-B60D-49C7-A13B-74693D7B1B7A}.Release|iPhoneSimulator.Build.0 = Release|Any CPU
		{2AD2DBD4-B60D-49C7-A13B-74693D7B1B7A}.Release|iPhoneSimulator.Deploy.0 = Release|Any CPU
		{BEA6BBBE-19F9-4E23-9FEA-17DCD05769D2}.Debug|Any CPU.ActiveCfg = Debug|iPhone
		{BEA6BBBE-19F9-4E23-9FEA-17DCD05769D2}.Debug|Any CPU.Build.0 = Debug|iPhone
		{BEA6BBBE-19F9-4E23-9FEA-17DCD05769D2}.Debug|Any CPU.Deploy.0 = Debug|iPhone
		{BEA6BBBE-19F9-4E23-9FEA-17DCD05769D2}.Debug|iPhone.ActiveCfg = Debug|iPhone
		{BEA6BBBE-19F9-4E23-9FEA-17DCD05769D2}.Debug|iPhone.Build.0 = Debug|iPhone
		{BEA6BBBE-19F9-4E23-9FEA-17DCD05769D2}.Debug|iPhone.Deploy.0 = Debug|iPhone
		{BEA6BBBE-19F9-4E23-9FEA-17DCD05769D2}.Debug|iPhoneSimulator.ActiveCfg = Debug|iPhoneSimulator
		{BEA6BBBE-19F9-4E23-9FEA-17DCD05769D2}.Debug|iPhoneSimulator.Build.0 = Debug|iPhoneSimulator
		{BEA6BBBE-19F9-4E23-9FEA-17DCD05769D2}.Debug|iPhoneSimulator.Deploy.0 = Debug|iPhoneSimulator
		{BEA6BBBE-19F9-4E23-9FEA-17DCD05769D2}.Release|Any CPU.ActiveCfg = Release|iPhoneSimulator
		{BEA6BBBE-19F9-4E23-9FEA-17DCD05769D2}.Release|Any CPU.Build.0 = Release|iPhoneSimulator
		{BEA6BBBE-19F9-4E23-9FEA-17DCD05769D2}.Release|Any CPU.Deploy.0 = Release|iPhoneSimulator
		{BEA6BBBE-19F9-4E23-9FEA-17DCD05769D2}.Release|iPhone.ActiveCfg = Release|iPhone
		{BEA6BBBE-19F9-4E23-9FEA-17DCD05769D2}.Release|iPhone.Build.0 = Release|iPhone
		{BEA6BBBE-19F9-4E23-9FEA-17DCD05769D2}.Release|iPhone.Deploy.0 = Release|iPhone
		{BEA6BBBE-19F9-4E23-9FEA-17DCD05769D2}.Release|iPhoneSimulator.ActiveCfg = Release|iPhoneSimulator
		{BEA6BBBE-19F9-4E23-9FEA-17DCD05769D2}.Release|iPhoneSimulator.Build.0 = Release|iPhoneSimulator
		{BEA6BBBE-19F9-4E23-9FEA-17DCD05769D2}.Release|iPhoneSimulator.Deploy.0 = Release|iPhoneSimulator
		{0E645038-E242-4026-9AD8-5E706A5FDE82}.Debug|Any CPU.ActiveCfg = Debug|Any CPU
		{0E645038-E242-4026-9AD8-5E706A5FDE82}.Debug|Any CPU.Build.0 = Debug|Any CPU
		{0E645038-E242-4026-9AD8-5E706A5FDE82}.Debug|Any CPU.Deploy.0 = Debug|Any CPU
		{0E645038-E242-4026-9AD8-5E706A5FDE82}.Debug|iPhone.ActiveCfg = Debug|Any CPU
		{0E645038-E242-4026-9AD8-5E706A5FDE82}.Debug|iPhone.Build.0 = Debug|Any CPU
		{0E645038-E242-4026-9AD8-5E706A5FDE82}.Debug|iPhone.Deploy.0 = Debug|Any CPU
		{0E645038-E242-4026-9AD8-5E706A5FDE82}.Debug|iPhoneSimulator.ActiveCfg = Debug|Any CPU
		{0E645038-E242-4026-9AD8-5E706A5FDE82}.Debug|iPhoneSimulator.Build.0 = Debug|Any CPU
		{0E645038-E242-4026-9AD8-5E706A5FDE82}.Debug|iPhoneSimulator.Deploy.0 = Debug|Any CPU
		{0E645038-E242-4026-9AD8-5E706A5FDE82}.Release|Any CPU.ActiveCfg = Release|Any CPU
		{0E645038-E242-4026-9AD8-5E706A5FDE82}.Release|Any CPU.Build.0 = Release|Any CPU
		{0E645038-E242-4026-9AD8-5E706A5FDE82}.Release|Any CPU.Deploy.0 = Release|Any CPU
		{0E645038-E242-4026-9AD8-5E706A5FDE82}.Release|iPhone.ActiveCfg = Release|Any CPU
		{0E645038-E242-4026-9AD8-5E706A5FDE82}.Release|iPhone.Build.0 = Release|Any CPU
		{0E645038-E242-4026-9AD8-5E706A5FDE82}.Release|iPhone.Deploy.0 = Release|Any CPU
		{0E645038-E242-4026-9AD8-5E706A5FDE82}.Release|iPhoneSimulator.ActiveCfg = Release|Any CPU
		{0E645038-E242-4026-9AD8-5E706A5FDE82}.Release|iPhoneSimulator.Build.0 = Release|Any CPU
		{0E645038-E242-4026-9AD8-5E706A5FDE82}.Release|iPhoneSimulator.Deploy.0 = Release|Any CPU
	EndGlobalSection
	GlobalSection(SolutionProperties) = preSolution
		HideSolutionNode = FALSE
	EndGlobalSection
	GlobalSection(ExtensibilityGlobals) = postSolution
		SolutionGuid = {0510E6D9-8FF4-482F-9F92-0CCE2ABF0DE9}
	EndGlobalSection
EndGlobal
