
Microsoft Visual Studio Solution File, Format Version 12.00
# Visual Studio Version 16
VisualStudioVersion = 16.0.30503.244
MinimumVisualStudioVersion = 10.0.40219.1
Project("{FAE04EC0-301F-11D3-BF4B-00C04F79EFBC}") = "SHXamLab5.Android", "SHXamLab5\SHXamLab5.Android\SHXamLab5.Android.csproj", "{766A4750-8A4C-46EF-8942-C10A954472D2}"
EndProject
Project("{FAE04EC0-301F-11D3-BF4B-00C04F79EFBC}") = "SHXamLab5.iOS", "SHXamLab5\SHXamLab5.iOS\SHXamLab5.iOS.csproj", "{1D7554BB-BEDF-4E1B-84CF-757F6AD1A919}"
EndProject
Project("{FAE04EC0-301F-11D3-BF4B-00C04F79EFBC}") = "SHXamLab5", "SHXamLab5\SHXamLab5\SHXamLab5.csproj", "{2D9B5030-C2EB-41B8-885E-9D1797FA1D49}"
EndProject
Project("{FAE04EC0-301F-11D3-BF4B-00C04F79EFBC}") = "MovieService", "MovieService\MovieService.csproj", "{182A3D60-B27B-4091-AD33-6C6E3B593F1B}"
EndProject
Global
	GlobalSection(SolutionConfigurationPlatforms) = preSolution
		Debug|Any CPU = Debug|Any CPU
		Debug|iPhone = Debug|iPhone
		Debug|iPhoneSimulator = Debug|iPhoneSimulator
		Release|Any CPU = Release|Any CPU
		Release|iPhone = Release|iPhone
		Release|iPhoneSimulator = Release|iPhoneSimulator
	EndGlobalSection
	GlobalSection(ProjectConfigurationPlatforms) = postSolution
		{766A4750-8A4C-46EF-8942-C10A954472D2}.Debug|Any CPU.ActiveCfg = Debug|Any CPU
		{766A4750-8A4C-46EF-8942-C10A954472D2}.Debug|Any CPU.Build.0 = Debug|Any CPU
		{766A4750-8A4C-46EF-8942-C10A954472D2}.Debug|Any CPU.Deploy.0 = Debug|Any CPU
		{766A4750-8A4C-46EF-8942-C10A954472D2}.Debug|iPhone.ActiveCfg = Debug|Any CPU
		{766A4750-8A4C-46EF-8942-C10A954472D2}.Debug|iPhone.Build.0 = Debug|Any CPU
		{766A4750-8A4C-46EF-8942-C10A954472D2}.Debug|iPhone.Deploy.0 = Debug|Any CPU
		{766A4750-8A4C-46EF-8942-C10A954472D2}.Debug|iPhoneSimulator.ActiveCfg = Debug|Any CPU
		{766A4750-8A4C-46EF-8942-C10A954472D2}.Debug|iPhoneSimulator.Build.0 = Debug|Any CPU
		{766A4750-8A4C-46EF-8942-C10A954472D2}.Debug|iPhoneSimulator.Deploy.0 = Debug|Any CPU
		{766A4750-8A4C-46EF-8942-C10A954472D2}.Release|Any CPU.ActiveCfg = Release|Any CPU
		{766A4750-8A4C-46EF-8942-C10A954472D2}.Release|Any CPU.Build.0 = Release|Any CPU
		{766A4750-8A4C-46EF-8942-C10A954472D2}.Release|Any CPU.Deploy.0 = Release|Any CPU
		{766A4750-8A4C-46EF-8942-C10A954472D2}.Release|iPhone.ActiveCfg = Release|Any CPU
		{766A4750-8A4C-46EF-8942-C10A954472D2}.Release|iPhone.Build.0 = Release|Any CPU
		{766A4750-8A4C-46EF-8942-C10A954472D2}.Release|iPhone.Deploy.0 = Release|Any CPU
		{766A4750-8A4C-46EF-8942-C10A954472D2}.Release|iPhoneSimulator.ActiveCfg = Release|Any CPU
		{766A4750-8A4C-46EF-8942-C10A954472D2}.Release|iPhoneSimulator.Build.0 = Release|Any CPU
		{766A4750-8A4C-46EF-8942-C10A954472D2}.Release|iPhoneSimulator.Deploy.0 = Release|Any CPU
		{1D7554BB-BEDF-4E1B-84CF-757F6AD1A919}.Debug|Any CPU.ActiveCfg = Debug|iPhone
		{1D7554BB-BEDF-4E1B-84CF-757F6AD1A919}.Debug|Any CPU.Build.0 = Debug|iPhone
		{1D7554BB-BEDF-4E1B-84CF-757F6AD1A919}.Debug|Any CPU.Deploy.0 = Debug|iPhone
		{1D7554BB-BEDF-4E1B-84CF-757F6AD1A919}.Debug|iPhone.ActiveCfg = Debug|iPhone
		{1D7554BB-BEDF-4E1B-84CF-757F6AD1A919}.Debug|iPhone.Build.0 = Debug|iPhone
		{1D7554BB-BEDF-4E1B-84CF-757F6AD1A919}.Debug|iPhone.Deploy.0 = Debug|iPhone
		{1D7554BB-BEDF-4E1B-84CF-757F6AD1A919}.Debug|iPhoneSimulator.ActiveCfg = Debug|iPhoneSimulator
		{1D7554BB-BEDF-4E1B-84CF-757F6AD1A919}.Debug|iPhoneSimulator.Build.0 = Debug|iPhoneSimulator
		{1D7554BB-BEDF-4E1B-84CF-757F6AD1A919}.Debug|iPhoneSimulator.Deploy.0 = Debug|iPhoneSimulator
		{1D7554BB-BEDF-4E1B-84CF-757F6AD1A919}.Release|Any CPU.ActiveCfg = Release|iPhoneSimulator
		{1D7554BB-BEDF-4E1B-84CF-757F6AD1A919}.Release|Any CPU.Build.0 = Release|iPhoneSimulator
		{1D7554BB-BEDF-4E1B-84CF-757F6AD1A919}.Release|Any CPU.Deploy.0 = Release|iPhoneSimulator
		{1D7554BB-BEDF-4E1B-84CF-757F6AD1A919}.Release|iPhone.ActiveCfg = Release|iPhone
		{1D7554BB-BEDF-4E1B-84CF-757F6AD1A919}.Release|iPhone.Build.0 = Release|iPhone
		{1D7554BB-BEDF-4E1B-84CF-757F6AD1A919}.Release|iPhone.Deploy.0 = Release|iPhone
		{1D7554BB-BEDF-4E1B-84CF-757F6AD1A919}.Release|iPhoneSimulator.ActiveCfg = Release|iPhoneSimulator
		{1D7554BB-BEDF-4E1B-84CF-757F6AD1A919}.Release|iPhoneSimulator.Build.0 = Release|iPhoneSimulator
		{1D7554BB-BEDF-4E1B-84CF-757F6AD1A919}.Release|iPhoneSimulator.Deploy.0 = Release|iPhoneSimulator
		{2D9B5030-C2EB-41B8-885E-9D1797FA1D49}.Debug|Any CPU.ActiveCfg = Debug|Any CPU
		{2D9B5030-C2EB-41B8-885E-9D1797FA1D49}.Debug|Any CPU.Build.0 = Debug|Any CPU
		{2D9B5030-C2EB-41B8-885E-9D1797FA1D49}.Debug|Any CPU.Deploy.0 = Debug|Any CPU
		{2D9B5030-C2EB-41B8-885E-9D1797FA1D49}.Debug|iPhone.ActiveCfg = Debug|Any CPU
		{2D9B5030-C2EB-41B8-885E-9D1797FA1D49}.Debug|iPhone.Build.0 = Debug|Any CPU
		{2D9B5030-C2EB-41B8-885E-9D1797FA1D49}.Debug|iPhone.Deploy.0 = Debug|Any CPU
		{2D9B5030-C2EB-41B8-885E-9D1797FA1D49}.Debug|iPhoneSimulator.ActiveCfg = Debug|Any CPU
		{2D9B5030-C2EB-41B8-885E-9D1797FA1D49}.Debug|iPhoneSimulator.Build.0 = Debug|Any CPU
		{2D9B5030-C2EB-41B8-885E-9D1797FA1D49}.Debug|iPhoneSimulator.Deploy.0 = Debug|Any CPU
		{2D9B5030-C2EB-41B8-885E-9D1797FA1D49}.Release|Any CPU.ActiveCfg = Release|Any CPU
		{2D9B5030-C2EB-41B8-885E-9D1797FA1D49}.Release|Any CPU.Build.0 = Release|Any CPU
		{2D9B5030-C2EB-41B8-885E-9D1797FA1D49}.Release|Any CPU.Deploy.0 = Release|Any CPU
		{2D9B5030-C2EB-41B8-885E-9D1797FA1D49}.Release|iPhone.ActiveCfg = Release|Any CPU
		{2D9B5030-C2EB-41B8-885E-9D1797FA1D49}.Release|iPhone.Build.0 = Release|Any CPU
		{2D9B5030-C2EB-41B8-885E-9D1797FA1D49}.Release|iPhone.Deploy.0 = Release|Any CPU
		{2D9B5030-C2EB-41B8-885E-9D1797FA1D49}.Release|iPhoneSimulator.ActiveCfg = Release|Any CPU
		{2D9B5030-C2EB-41B8-885E-9D1797FA1D49}.Release|iPhoneSimulator.Build.0 = Release|Any CPU
		{2D9B5030-C2EB-41B8-885E-9D1797FA1D49}.Release|iPhoneSimulator.Deploy.0 = Release|Any CPU
		{182A3D60-B27B-4091-AD33-6C6E3B593F1B}.Debug|Any CPU.ActiveCfg = Debug|Any CPU
		{182A3D60-B27B-4091-AD33-6C6E3B593F1B}.Debug|Any CPU.Build.0 = Debug|Any CPU
		{182A3D60-B27B-4091-AD33-6C6E3B593F1B}.Debug|iPhone.ActiveCfg = Debug|Any CPU
		{182A3D60-B27B-4091-AD33-6C6E3B593F1B}.Debug|iPhone.Build.0 = Debug|Any CPU
		{182A3D60-B27B-4091-AD33-6C6E3B593F1B}.Debug|iPhoneSimulator.ActiveCfg = Debug|Any CPU
		{182A3D60-B27B-4091-AD33-6C6E3B593F1B}.Debug|iPhoneSimulator.Build.0 = Debug|Any CPU
		{182A3D60-B27B-4091-AD33-6C6E3B593F1B}.Release|Any CPU.ActiveCfg = Release|Any CPU
		{182A3D60-B27B-4091-AD33-6C6E3B593F1B}.Release|Any CPU.Build.0 = Release|Any CPU
		{182A3D60-B27B-4091-AD33-6C6E3B593F1B}.Release|iPhone.ActiveCfg = Release|Any CPU
		{182A3D60-B27B-4091-AD33-6C6E3B593F1B}.Release|iPhone.Build.0 = Release|Any CPU
		{182A3D60-B27B-4091-AD33-6C6E3B593F1B}.Release|iPhoneSimulator.ActiveCfg = Release|Any CPU
		{182A3D60-B27B-4091-AD33-6C6E3B593F1B}.Release|iPhoneSimulator.Build.0 = Release|Any CPU
	EndGlobalSection
	GlobalSection(SolutionProperties) = preSolution
		HideSolutionNode = FALSE
	EndGlobalSection
	GlobalSection(ExtensibilityGlobals) = postSolution
		SolutionGuid = {98D70F63-ECF3-4F6E-95DD-D5B7407A5F69}
	EndGlobalSection
EndGlobal
