
Microsoft Visual Studio Solution File, Format Version 12.00
# Visual Studio Version 16
VisualStudioVersion = 16.0.30503.244
MinimumVisualStudioVersion = 10.0.40219.1
Project("{FAE04EC0-301F-11D3-BF4B-00C04F79EFBC}") = "ASPLab1", "ASPLab1\ASPLab1.csproj", "{F4710BCA-F041-4CEC-897A-F9FCBA14B7D7}"
EndProject
Global
	GlobalSection(SolutionConfigurationPlatforms) = preSolution
		Debug|Any CPU = Debug|Any CPU
		Release|Any CPU = Release|Any CPU
	EndGlobalSection
	GlobalSection(ProjectConfigurationPlatforms) = postSolution
		{F4710BCA-F041-4CEC-897A-F9FCBA14B7D7}.Debug|Any CPU.ActiveCfg = Debug|Any CPU
		{F4710BCA-F041-4CEC-897A-F9FCBA14B7D7}.Debug|Any CPU.Build.0 = Debug|Any CPU
		{F4710BCA-F041-4CEC-897A-F9FCBA14B7D7}.Release|Any CPU.ActiveCfg = Release|Any CPU
		{F4710BCA-F041-4CEC-897A-F9FCBA14B7D7}.Release|Any CPU.Build.0 = Release|Any CPU
	EndGlobalSection
	GlobalSection(SolutionProperties) = preSolution
		HideSolutionNode = FALSE
	EndGlobalSection
	GlobalSection(ExtensibilityGlobals) = postSolution
		SolutionGuid = {9F3CFE26-B5F9-40C7-8B18-C310822EC4BF}
	EndGlobalSection
EndGlobal
